
Microsoft Visual Studio Solution File, Format Version 12.00
# Visual Studio 15
VisualStudioVersion = 15.0.27703.2000
MinimumVisualStudioVersion = 10.0.40219.1
Project("{FAE04EC0-301F-11D3-BF4B-00C04F79EFBC}") = "Prodavnica.UI", "Prodavnica.UI\Prodavnica.UI.csproj", "{3395E1BB-8284-4E41-A81F-4D6A92FC3F50}"
EndProject
Project("{FAE04EC0-301F-11D3-BF4B-00C04F79EFBC}") = "ProdavnicaPica.DataAccess", "ProdavnicaPica.DataAccess\ProdavnicaPica.DataAccess.csproj", "{D664B713-2FAF-4488-B6B1-1EC91E1BAA86}"
EndProject
Project("{FAE04EC0-301F-11D3-BF4B-00C04F79EFBC}") = "ProdavnicaPica.Domain", "ProdavnicaPica.Domain\ProdavnicaPica.Domain.csproj", "{A0BDB2F3-FA45-4554-A4C6-8A2E6251E9DC}"
EndProject
Global
	GlobalSection(SolutionConfigurationPlatforms) = preSolution
		Debug|Any CPU = Debug|Any CPU
		Release|Any CPU = Release|Any CPU
	EndGlobalSection
	GlobalSection(ProjectConfigurationPlatforms) = postSolution
		{3395E1BB-8284-4E41-A81F-4D6A92FC3F50}.Debug|Any CPU.ActiveCfg = Debug|Any CPU
		{3395E1BB-8284-4E41-A81F-4D6A92FC3F50}.Debug|Any CPU.Build.0 = Debug|Any CPU
		{3395E1BB-8284-4E41-A81F-4D6A92FC3F50}.Release|Any CPU.ActiveCfg = Release|Any CPU
		{3395E1BB-8284-4E41-A81F-4D6A92FC3F50}.Release|Any CPU.Build.0 = Release|Any CPU
		{D664B713-2FAF-4488-B6B1-1EC91E1BAA86}.Debug|Any CPU.ActiveCfg = Debug|Any CPU
		{D664B713-2FAF-4488-B6B1-1EC91E1BAA86}.Debug|Any CPU.Build.0 = Debug|Any CPU
		{D664B713-2FAF-4488-B6B1-1EC91E1BAA86}.Release|Any CPU.ActiveCfg = Release|Any CPU
		{D664B713-2FAF-4488-B6B1-1EC91E1BAA86}.Release|Any CPU.Build.0 = Release|Any CPU
		{A0BDB2F3-FA45-4554-A4C6-8A2E6251E9DC}.Debug|Any CPU.ActiveCfg = Debug|Any CPU
		{A0BDB2F3-FA45-4554-A4C6-8A2E6251E9DC}.Debug|Any CPU.Build.0 = Debug|Any CPU
		{A0BDB2F3-FA45-4554-A4C6-8A2E6251E9DC}.Release|Any CPU.ActiveCfg = Release|Any CPU
		{A0BDB2F3-FA45-4554-A4C6-8A2E6251E9DC}.Release|Any CPU.Build.0 = Release|Any CPU
	EndGlobalSection
	GlobalSection(SolutionProperties) = preSolution
		HideSolutionNode = FALSE
	EndGlobalSection
	GlobalSection(ExtensibilityGlobals) = postSolution
		SolutionGuid = {BEBE2F16-5EFB-4E28-80C7-FB64339A65F5}
	EndGlobalSection
EndGlobal
